
Microsoft Visual Studio Solution File, Format Version 12.00
# Visual Studio Version 16
VisualStudioVersion = 16.0.30907.101
MinimumVisualStudioVersion = 10.0.40219.1
Project("{FAE04EC0-301F-11D3-BF4B-00C04F79EFBC}") = "TheHack", "TheHack.csproj", "{325992B0-0030-4576-BBA7-67CDA5BB70AB}"
EndProject
Global
	GlobalSection(SolutionConfigurationPlatforms) = preSolution
		Debug|Any CPU = Debug|Any CPU
		Release|Any CPU = Release|Any CPU
	EndGlobalSection
	GlobalSection(ProjectConfigurationPlatforms) = postSolution
		{325992B0-0030-4576-BBA7-67CDA5BB70AB}.Debug|Any CPU.ActiveCfg = Debug|Any CPU
		{325992B0-0030-4576-BBA7-67CDA5BB70AB}.Debug|Any CPU.Build.0 = Debug|Any CPU
		{325992B0-0030-4576-BBA7-67CDA5BB70AB}.Release|Any CPU.ActiveCfg = Release|Any CPU
		{325992B0-0030-4576-BBA7-67CDA5BB70AB}.Release|Any CPU.Build.0 = Release|Any CPU
	EndGlobalSection
	GlobalSection(SolutionProperties) = preSolution
		HideSolutionNode = FALSE
	EndGlobalSection
	GlobalSection(ExtensibilityGlobals) = postSolution
		SolutionGuid = {57FE16A4-8F16-4E4A-B458-2275095A4D6E}
	EndGlobalSection
EndGlobal
